
Microsoft Visual Studio Solution File, Format Version 12.00
# Visual Studio Version 16
VisualStudioVersion = 16.0.30114.105
MinimumVisualStudioVersion = 10.0.40219.1
Project("{FAE04EC0-301F-11D3-BF4B-00C04F79EFBC}") = "ConnectedCar.Lambda", "ConnectedCar.Lambda\ConnectedCar.Lambda.csproj", "{DC877DC4-E700-4CEF-BD28-0A21628A2C05}"
EndProject
Global
	GlobalSection(SolutionConfigurationPlatforms) = preSolution
		Debug|Any CPU = Debug|Any CPU
		Release|Any CPU = Release|Any CPU
	EndGlobalSection
	GlobalSection(SolutionProperties) = preSolution
		HideSolutionNode = FALSE
	EndGlobalSection
	GlobalSection(ProjectConfigurationPlatforms) = postSolution
		{DC877DC4-E700-4CEF-BD28-0A21628A2C05}.Debug|Any CPU.ActiveCfg = Debug|Any CPU
		{DC877DC4-E700-4CEF-BD28-0A21628A2C05}.Debug|Any CPU.Build.0 = Debug|Any CPU
		{DC877DC4-E700-4CEF-BD28-0A21628A2C05}.Release|Any CPU.ActiveCfg = Release|Any CPU
		{DC877DC4-E700-4CEF-BD28-0A21628A2C05}.Release|Any CPU.Build.0 = Release|Any CPU
		{A85770EB-9547-4E74-8283-37694926632C}.Debug|Any CPU.ActiveCfg = Debug|Any CPU
		{A85770EB-9547-4E74-8283-37694926632C}.Debug|Any CPU.Build.0 = Debug|Any CPU
		{A85770EB-9547-4E74-8283-37694926632C}.Release|Any CPU.ActiveCfg = Release|Any CPU
		{A85770EB-9547-4E74-8283-37694926632C}.Release|Any CPU.Build.0 = Release|Any CPU
	EndGlobalSection
EndGlobal
